Microsoft Visual Studio Solution File, Format Version 12.00
# Visual Studio Version 17
VisualStudioVersion = 17.5.2.0
MinimumVisualStudioVersion = 10.0.40219.1
Project("{FAE04EC0-301F-11D3-BF4B-00C04F79EFBC}") = "1-max-of-three", "1-max-of-three\1-max-of-three.csproj", "{BC1A71EF-3CE7-3D72-224A-25EA7D070784}"
EndProject
Global
	GlobalSection(SolutionConfigurationPlatforms) = preSolution
		Debug|Any CPU = Debug|Any CPU
		Release|Any CPU = Release|Any CPU
	EndGlobalSection
	GlobalSection(ProjectConfigurationPlatforms) = postSolution
		{BC1A71EF-3CE7-3D72-224A-25EA7D070784}.Debug|Any CPU.ActiveCfg = Debug|Any CPU
		{BC1A71EF-3CE7-3D72-224A-25EA7D070784}.Debug|Any CPU.Build.0 = Debug|Any CPU
		{BC1A71EF-3CE7-3D72-224A-25EA7D070784}.Release|Any CPU.ActiveCfg = Release|Any CPU
		{BC1A71EF-3CE7-3D72-224A-25EA7D070784}.Release|Any CPU.Build.0 = Release|Any CPU
	EndGlobalSection
	GlobalSection(SolutionProperties) = preSolution
		HideSolutionNode = FALSE
	EndGlobalSection
	GlobalSection(ExtensibilityGlobals) = postSolution
		SolutionGuid = {C5920562-F3AA-438C-A534-088012895EE5}
	EndGlobalSection
EndGlobal
